{
  "pins" : [
    {
      "identity" : "realm-core",
      "kind" : "remoteSourceControl",
      "location" : "https://github.com/realm/realm-core.git",
      "state" : {
        "revision" : "f3417640021f329480035f432840eb0e5d0e1957",
        "version" : "14.5.0"
      }
    },
    {
      "identity" : "realm-swift",
      "kind" : "remoteSourceControl",
      "location" : "https://github.com/realm/realm-swift.git",
      "state" : {
        "branch" : "master",
        "revision" : "2f0274f59a4771d1e778574f4315a320a5ed08a9"
      }
    }
  ],
  "version" : 2
}
