// !$*UTF8*$!
{
	archiveVersion = 1;
	classes = {
	};
	objectVersion = 56;
	objects = {

/* Begin PBXBuildFile section */
		083972E42BB36BA900C4B134 /* MoveItemView.swift in Sources */ = {isa = PBXBuildFile; fileRef = 083972E32BB36BA900C4B134 /* MoveItemView.swift */; };
		083972E62BB496B300C4B134 /* MoveItemViewModel.swift in Sources */ = {isa = PBXBuildFile; fileRef = 083972E52BB496B300C4B134 /* MoveItemViewModel.swift */; };
		084454932BC71049007CDC57 /* FormatterService.swift in Sources */ = {isa = PBXBuildFile; fileRef = 084454922BC71049007CDC57 /* FormatterService.swift */; };
		084454972BC85703007CDC57 /* PlaygroundTesting.swift in Sources */ = {isa = PBXBuildFile; fileRef = 084454962BC85703007CDC57 /* PlaygroundTesting.swift */; };
		085743132B7D245E00E546A1 /* MemoNestApp.swift in Sources */ = {isa = PBXBuildFile; fileRef = 085743122B7D245E00E546A1 /* MemoNestApp.swift */; };
		085743152B7D245E00E546A1 /* ContentView.swift in Sources */ = {isa = PBXBuildFile; fileRef = 085743142B7D245E00E546A1 /* ContentView.swift */; };
		085743172B7D245F00E546A1 /* Assets.xcassets in Resources */ = {isa = PBXBuildFile; fileRef = 085743162B7D245F00E546A1 /* Assets.xcassets */; };
		0857431A2B7D245F00E546A1 /* Preview Assets.xcassets in Resources */ = {isa = PBXBuildFile; fileRef = 085743192B7D245F00E546A1 /* Preview Assets.xcassets */; };
		085743242B7D245F00E546A1 /* MemoNestTests.swift in Sources */ = {isa = PBXBuildFile; fileRef = 085743232B7D245F00E546A1 /* MemoNestTests.swift */; };
		0857432E2B7D245F00E546A1 /* MemoNestUITests.swift in Sources */ = {isa = PBXBuildFile; fileRef = 0857432D2B7D245F00E546A1 /* MemoNestUITests.swift */; };
		085743302B7D245F00E546A1 /* MemoNestUITestsLaunchTests.swift in Sources */ = {isa = PBXBuildFile; fileRef = 0857432F2B7D245F00E546A1 /* MemoNestUITestsLaunchTests.swift */; };
		085743402B7D24E100E546A1 /* File.swift in Sources */ = {isa = PBXBuildFile; fileRef = 0857433F2B7D24E100E546A1 /* File.swift */; };
		085743422B7D24E800E546A1 /* Folder.swift in Sources */ = {isa = PBXBuildFile; fileRef = 085743412B7D24E800E546A1 /* Folder.swift */; };
		085743442B7D251E00E546A1 /* FolderListView.swift in Sources */ = {isa = PBXBuildFile; fileRef = 085743432B7D251E00E546A1 /* FolderListView.swift */; };
		085743472B7D257C00E546A1 /* Item.swift in Sources */ = {isa = PBXBuildFile; fileRef = 085743462B7D257C00E546A1 /* Item.swift */; };
		085743492B7D262100E546A1 /* FolderListViewModel.swift in Sources */ = {isa = PBXBuildFile; fileRef = 085743482B7D262100E546A1 /* FolderListViewModel.swift */; };
		0857434C2B7D265300E546A1 /* MockDataManager.swift in Sources */ = {isa = PBXBuildFile; fileRef = 0857434B2B7D265300E546A1 /* MockDataManager.swift */; };
		085743502B7D408100E546A1 /* ListRow.swift in Sources */ = {isa = PBXBuildFile; fileRef = 0857434F2B7D408100E546A1 /* ListRow.swift */; };
		086ED08C2B98C81E00A30EBC /* DataManager.swift in Sources */ = {isa = PBXBuildFile; fileRef = 086ED08B2B98C81E00A30EBC /* DataManager.swift */; };
		086ED08E2B98C9C200A30EBC /* RealmDataManager.swift in Sources */ = {isa = PBXBuildFile; fileRef = 086ED08D2B98C9C200A30EBC /* RealmDataManager.swift */; };
		086ED0912B98CA2400A30EBC /* FileDB.swift in Sources */ = {isa = PBXBuildFile; fileRef = 086ED0902B98CA2400A30EBC /* FileDB.swift */; };
		086ED0932B98CA2C00A30EBC /* FolderDB.swift in Sources */ = {isa = PBXBuildFile; fileRef = 086ED0922B98CA2C00A30EBC /* FolderDB.swift */; };
		086ED09A2B9B54F400A30EBC /* FolderListViewModelTest.swift in Sources */ = {isa = PBXBuildFile; fileRef = 086ED0992B9B54F400A30EBC /* FolderListViewModelTest.swift */; };
		086ED09C2B9B595B00A30EBC /* MockDataManagerTest.swift in Sources */ = {isa = PBXBuildFile; fileRef = 086ED09B2B9B595B00A30EBC /* MockDataManagerTest.swift */; };
		086ED09E2B9B630D00A30EBC /* BackButton.swift in Sources */ = {isa = PBXBuildFile; fileRef = 086ED09D2B9B630D00A30EBC /* BackButton.swift */; };
		086ED0A02B9B642000A30EBC /* InputPopup.swift in Sources */ = {isa = PBXBuildFile; fileRef = 086ED09F2B9B642000A30EBC /* InputPopup.swift */; };
		08866EB42BB628080042318B /* MoveItemViewModelTest.swift in Sources */ = {isa = PBXBuildFile; fileRef = 08866EB32BB628080042318B /* MoveItemViewModelTest.swift */; };
		08866F762BBB5BC60042318B /* RecordingView.swift in Sources */ = {isa = PBXBuildFile; fileRef = 08866F752BBB5BC60042318B /* RecordingView.swift */; };
		08866F782BBB5BD20042318B /* PlaybackView.swift in Sources */ = {isa = PBXBuildFile; fileRef = 08866F772BBB5BD20042318B /* PlaybackView.swift */; };
		08866F7A2BBB5C490042318B /* RecordingViewModel.swift in Sources */ = {isa = PBXBuildFile; fileRef = 08866F792BBB5C490042318B /* RecordingViewModel.swift */; };
		08866F7C2BBB5C520042318B /* PlaybackViewModel.swift in Sources */ = {isa = PBXBuildFile; fileRef = 08866F7B2BBB5C520042318B /* PlaybackViewModel.swift */; };
		08866F7E2BBC88430042318B /* RecordingManager.swift in Sources */ = {isa = PBXBuildFile; fileRef = 08866F7D2BBC88430042318B /* RecordingManager.swift */; };
		08866F822BBC8A110042318B /* PlaybackManager.swift in Sources */ = {isa = PBXBuildFile; fileRef = 08866F812BBC8A110042318B /* PlaybackManager.swift */; };
		08866F842BBC8ABC0042318B /* AudioRecording.swift in Sources */ = {isa = PBXBuildFile; fileRef = 08866F832BBC8ABC0042318B /* AudioRecording.swift */; };
		08866F8C2BBCB4180042318B /* PopupInput.swift in Sources */ = {isa = PBXBuildFile; fileRef = 08866F8B2BBCB4170042318B /* PopupInput.swift */; };
/* End PBXBuildFile section */

/* Begin PBXContainerItemProxy section */
		085743202B7D245F00E546A1 /* PBXContainerItemProxy */ = {
			isa = PBXContainerItemProxy;
			containerPortal = 085743072B7D245E00E546A1 /* Project object */;
			proxyType = 1;
			remoteGlobalIDString = 0857430E2B7D245E00E546A1;
			remoteInfo = MemoNest;
		};
		0857432A2B7D245F00E546A1 /* PBXContainerItemProxy */ = {
			isa = PBXContainerItemProxy;
			containerPortal = 085743072B7D245E00E546A1 /* Project object */;
			proxyType = 1;
			remoteGlobalIDString = 0857430E2B7D245E00E546A1;
			remoteInfo = MemoNest;
		};
/* End PBXContainerItemProxy section */

/* Begin PBXFileReference section */
		083972E32BB36BA900C4B134 /* MoveItemView.swift */ = {isa = PBXFileReference; lastKnownFileType = sourcecode.swift; path = MoveItemView.swift; sourceTree = "<group>"; };
		083972E52BB496B300C4B134 /* MoveItemViewModel.swift */ = {isa = PBXFileReference; lastKnownFileType = sourcecode.swift; path = MoveItemViewModel.swift; sourceTree = "<group>"; };
		084454902BC5B6F2007CDC57 /* Info.plist */ = {isa = PBXFileReference; lastKnownFileType = text.plist; path = Info.plist; sourceTree = "<group>"; };
		084454922BC71049007CDC57 /* FormatterService.swift */ = {isa = PBXFileReference; lastKnownFileType = sourcecode.swift; path = FormatterService.swift; sourceTree = "<group>"; };
		084454962BC85703007CDC57 /* PlaygroundTesting.swift */ = {isa = PBXFileReference; lastKnownFileType = sourcecode.swift; path = PlaygroundTesting.swift; sourceTree = "<group>"; };
		0857430F2B7D245E00E546A1 /* MemoNest.app */ = {isa = PBXFileReference; explicitFileType = wrapper.application; includeInIndex = 0; path = MemoNest.app; sourceTree = BUILT_PRODUCTS_DIR; };
		085743122B7D245E00E546A1 /* MemoNestApp.swift */ = {isa = PBXFileReference; lastKnownFileType = sourcecode.swift; path = MemoNestApp.swift; sourceTree = "<group>"; };
		085743142B7D245E00E546A1 /* ContentView.swift */ = {isa = PBXFileReference; lastKnownFileType = sourcecode.swift; path = ContentView.swift; sourceTree = "<group>"; };
		085743162B7D245F00E546A1 /* Assets.xcassets */ = {isa = PBXFileReference; lastKnownFileType = folder.assetcatalog; path = Assets.xcassets; sourceTree = "<group>"; };
		085743192B7D245F00E546A1 /* Preview Assets.xcassets */ = {isa = PBXFileReference; lastKnownFileType = folder.assetcatalog; path = "Preview Assets.xcassets"; sourceTree = "<group>"; };
		0857431F2B7D245F00E546A1 /* MemoNestTests.xctest */ = {isa = PBXFileReference; explicitFileType = wrapper.cfbundle; includeInIndex = 0; path = MemoNestTests.xctest; sourceTree = BUILT_PRODUCTS_DIR; };
		085743232B7D245F00E546A1 /* MemoNestTests.swift */ = {isa = PBXFileReference; lastKnownFileType = sourcecode.swift; path = MemoNestTests.swift; sourceTree = "<group>"; };
		085743292B7D245F00E546A1 /* MemoNestUITests.xctest */ = {isa = PBXFileReference; explicitFileType = wrapper.cfbundle; includeInIndex = 0; path = MemoNestUITests.xctest; sourceTree = BUILT_PRODUCTS_DIR; };
		0857432D2B7D245F00E546A1 /* MemoNestUITests.swift */ = {isa = PBXFileReference; lastKnownFileType = sourcecode.swift; path = MemoNestUITests.swift; sourceTree = "<group>"; };
		0857432F2B7D245F00E546A1 /* MemoNestUITestsLaunchTests.swift */ = {isa = PBXFileReference; lastKnownFileType = sourcecode.swift; path = MemoNestUITestsLaunchTests.swift; sourceTree = "<group>"; };
		0857433F2B7D24E100E546A1 /* File.swift */ = {isa = PBXFileReference; lastKnownFileType = sourcecode.swift; path = File.swift; sourceTree = "<group>"; };
		085743412B7D24E800E546A1 /* Folder.swift */ = {isa = PBXFileReference; lastKnownFileType = sourcecode.swift; path = Folder.swift; sourceTree = "<group>"; };
		085743432B7D251E00E546A1 /* FolderListView.swift */ = {isa = PBXFileReference; lastKnownFileType = sourcecode.swift; path = FolderListView.swift; sourceTree = "<group>"; };
		085743462B7D257C00E546A1 /* Item.swift */ = {isa = PBXFileReference; lastKnownFileType = sourcecode.swift; path = Item.swift; sourceTree = "<group>"; };
		085743482B7D262100E546A1 /* FolderListViewModel.swift */ = {isa = PBXFileReference; lastKnownFileType = sourcecode.swift; path = FolderListViewModel.swift; sourceTree = "<group>"; };
		0857434B2B7D265300E546A1 /* MockDataManager.swift */ = {isa = PBXFileReference; lastKnownFileType = sourcecode.swift; path = MockDataManager.swift; sourceTree = "<group>"; };
		0857434F2B7D408100E546A1 /* ListRow.swift */ = {isa = PBXFileReference; lastKnownFileType = sourcecode.swift; path = ListRow.swift; sourceTree = "<group>"; };
		086ED08B2B98C81E00A30EBC /* DataManager.swift */ = {isa = PBXFileReference; lastKnownFileType = sourcecode.swift; path = DataManager.swift; sourceTree = "<group>"; };
		086ED08D2B98C9C200A30EBC /* RealmDataManager.swift */ = {isa = PBXFileReference; lastKnownFileType = sourcecode.swift; path = RealmDataManager.swift; sourceTree = "<group>"; };
		086ED0902B98CA2400A30EBC /* FileDB.swift */ = {isa = PBXFileReference; lastKnownFileType = sourcecode.swift; path = FileDB.swift; sourceTree = "<group>"; };
		086ED0922B98CA2C00A30EBC /* FolderDB.swift */ = {isa = PBXFileReference; lastKnownFileType = sourcecode.swift; path = FolderDB.swift; sourceTree = "<group>"; };
		086ED0992B9B54F400A30EBC /* FolderListViewModelTest.swift */ = {isa = PBXFileReference; lastKnownFileType = sourcecode.swift; path = FolderListViewModelTest.swift; sourceTree = "<group>"; };
		086ED09B2B9B595B00A30EBC /* MockDataManagerTest.swift */ = {isa = PBXFileReference; lastKnownFileType = sourcecode.swift; path = MockDataManagerTest.swift; sourceTree = "<group>"; };
		086ED09D2B9B630D00A30EBC /* BackButton.swift */ = {isa = PBXFileReference; lastKnownFileType = sourcecode.swift; path = BackButton.swift; sourceTree = "<group>"; };
		086ED09F2B9B642000A30EBC /* InputPopup.swift */ = {isa = PBXFileReference; lastKnownFileType = sourcecode.swift; path = InputPopup.swift; sourceTree = "<group>"; };
		08866EB32BB628080042318B /* MoveItemViewModelTest.swift */ = {isa = PBXFileReference; lastKnownFileType = sourcecode.swift; path = MoveItemViewModelTest.swift; sourceTree = "<group>"; };
		08866F752BBB5BC60042318B /* RecordingView.swift */ = {isa = PBXFileReference; lastKnownFileType = sourcecode.swift; path = RecordingView.swift; sourceTree = "<group>"; };
		08866F772BBB5BD20042318B /* PlaybackView.swift */ = {isa = PBXFileReference; lastKnownFileType = sourcecode.swift; name = PlaybackView.swift; path = ../ViewModels/PlaybackView.swift; sourceTree = "<group>"; };
		08866F792BBB5C490042318B /* RecordingViewModel.swift */ = {isa = PBXFileReference; lastKnownFileType = sourcecode.swift; path = RecordingViewModel.swift; sourceTree = "<group>"; };
		08866F7B2BBB5C520042318B /* PlaybackViewModel.swift */ = {isa = PBXFileReference; lastKnownFileType = sourcecode.swift; path = PlaybackViewModel.swift; sourceTree = "<group>"; };
		08866F7D2BBC88430042318B /* RecordingManager.swift */ = {isa = PBXFileReference; lastKnownFileType = sourcecode.swift; path = RecordingManager.swift; sourceTree = "<group>"; };
		08866F812BBC8A110042318B /* PlaybackManager.swift */ = {isa = PBXFileReference; lastKnownFileType = sourcecode.swift; path = PlaybackManager.swift; sourceTree = "<group>"; };
		08866F832BBC8ABC0042318B /* AudioRecording.swift */ = {isa = PBXFileReference; lastKnownFileType = sourcecode.swift; path = AudioRecording.swift; sourceTree = "<group>"; };
		08866F8B2BBCB4170042318B /* PopupInput.swift */ = {isa = PBXFileReference; lastKnownFileType = sourcecode.swift; path = PopupInput.swift; sourceTree = "<group>"; };
/* End PBXFileReference section */

/* Begin PBXFrameworksBuildPhase section */
		0857430C2B7D245E00E546A1 /* Frameworks */ = {
			isa = PBXFrameworksBuildPhase;
			buildActionMask = 2147483647;
			files = (
			);
			runOnlyForDeploymentPostprocessing = 0;
		};
		0857431C2B7D245F00E546A1 /* Frameworks */ = {
			isa = PBXFrameworksBuildPhase;
			buildActionMask = 2147483647;
			files = (
			);
			runOnlyForDeploymentPostprocessing = 0;
		};
		085743262B7D245F00E546A1 /* Frameworks */ = {
			isa = PBXFrameworksBuildPhase;
			buildActionMask = 2147483647;
			files = (
			);
			runOnlyForDeploymentPostprocessing = 0;
		};
/* End PBXFrameworksBuildPhase section */

/* Begin PBXGroup section */
		084454912BC71038007CDC57 /* Helpers */ = {
			isa = PBXGroup;
			children = (
				084454922BC71049007CDC57 /* FormatterService.swift */,
			);
			path = Helpers;
			sourceTree = "<group>";
		};
		085743062B7D245E00E546A1 = {
			isa = PBXGroup;
			children = (
				085743112B7D245E00E546A1 /* MemoNest */,
				085743222B7D245F00E546A1 /* MemoNestTests */,
				0857432C2B7D245F00E546A1 /* MemoNestUITests */,
				085743102B7D245E00E546A1 /* Products */,
			);
			sourceTree = "<group>";
		};
		085743102B7D245E00E546A1 /* Products */ = {
			isa = PBXGroup;
			children = (
				0857430F2B7D245E00E546A1 /* MemoNest.app */,
				0857431F2B7D245F00E546A1 /* MemoNestTests.xctest */,
				085743292B7D245F00E546A1 /* MemoNestUITests.xctest */,
			);
			name = Products;
			sourceTree = "<group>";
		};
		085743112B7D245E00E546A1 /* MemoNest */ = {
			isa = PBXGroup;
			children = (
				084454912BC71038007CDC57 /* Helpers */,
				084454902BC5B6F2007CDC57 /* Info.plist */,
				085743122B7D245E00E546A1 /* MemoNestApp.swift */,
				085743452B7D255A00E546A1 /* Protocols */,
				0857433E2B7D24C400E546A1 /* ViewModels */,
				0857433D2B7D24C000E546A1 /* Views */,
				0857433C2B7D24BB00E546A1 /* Models */,
				086ED08F2B98CA1300A30EBC /* DataManager */,
				085743162B7D245F00E546A1 /* Assets.xcassets */,
				085743182B7D245F00E546A1 /* Preview Content */,
			);
			path = MemoNest;
			sourceTree = "<group>";
		};
		085743182B7D245F00E546A1 /* Preview Content */ = {
			isa = PBXGroup;
			children = (
				085743192B7D245F00E546A1 /* Preview Assets.xcassets */,
			);
			path = "Preview Content";
			sourceTree = "<group>";
		};
		085743222B7D245F00E546A1 /* MemoNestTests */ = {
			isa = PBXGroup;
			children = (
				086ED0942B9B545000A30EBC /* Helpers */,
				086ED0952B9B545700A30EBC /* ViewModels */,
				086ED0962B9B545F00A30EBC /* Views */,
				086ED0972B9B546300A30EBC /* Models */,
				086ED0982B9B546900A30EBC /* RealmDatabase */,
				085743232B7D245F00E546A1 /* MemoNestTests.swift */,
			);
			path = MemoNestTests;
			sourceTree = "<group>";
		};
		0857432C2B7D245F00E546A1 /* MemoNestUITests */ = {
			isa = PBXGroup;
			children = (
				0857432D2B7D245F00E546A1 /* MemoNestUITests.swift */,
				0857432F2B7D245F00E546A1 /* MemoNestUITestsLaunchTests.swift */,
			);
			path = MemoNestUITests;
			sourceTree = "<group>";
		};
		0857433C2B7D24BB00E546A1 /* Models */ = {
			isa = PBXGroup;
			children = (
				0857433F2B7D24E100E546A1 /* File.swift */,
				085743412B7D24E800E546A1 /* Folder.swift */,
				08866F7D2BBC88430042318B /* RecordingManager.swift */,
				08866F812BBC8A110042318B /* PlaybackManager.swift */,
				08866F832BBC8ABC0042318B /* AudioRecording.swift */,
				08866F8B2BBCB4170042318B /* PopupInput.swift */,
			);
			path = Models;
			sourceTree = "<group>";
		};
		0857433D2B7D24C000E546A1 /* Views */ = {
			isa = PBXGroup;
			children = (
				08866F7F2BBC89A20042318B /* Navigation */,
				08866F752BBB5BC60042318B /* RecordingView.swift */,
				085743142B7D245E00E546A1 /* ContentView.swift */,
				08866F772BBB5BD20042318B /* PlaybackView.swift */,
				084454962BC85703007CDC57 /* PlaygroundTesting.swift */,
			);
			path = Views;
			sourceTree = "<group>";
		};
		0857433E2B7D24C400E546A1 /* ViewModels */ = {
			isa = PBXGroup;
			children = (
				08866F802BBC89D20042318B /* Navigation */,
				08866F792BBB5C490042318B /* RecordingViewModel.swift */,
				08866F7B2BBB5C520042318B /* PlaybackViewModel.swift */,
			);
			path = ViewModels;
			sourceTree = "<group>";
		};
		085743452B7D255A00E546A1 /* Protocols */ = {
			isa = PBXGroup;
			children = (
				085743462B7D257C00E546A1 /* Item.swift */,
				086ED08B2B98C81E00A30EBC /* DataManager.swift */,
			);
			path = Protocols;
			sourceTree = "<group>";
		};
		086ED08F2B98CA1300A30EBC /* DataManager */ = {
			isa = PBXGroup;
			children = (
				0857434B2B7D265300E546A1 /* MockDataManager.swift */,
				086ED08D2B98C9C200A30EBC /* RealmDataManager.swift */,
				086ED0902B98CA2400A30EBC /* FileDB.swift */,
				086ED0922B98CA2C00A30EBC /* FolderDB.swift */,
			);
			path = DataManager;
			sourceTree = "<group>";
		};
		086ED0942B9B545000A30EBC /* Helpers */ = {
			isa = PBXGroup;
			children = (
			);
			path = Helpers;
			sourceTree = "<group>";
		};
		086ED0952B9B545700A30EBC /* ViewModels */ = {
			isa = PBXGroup;
			children = (
				086ED0992B9B54F400A30EBC /* FolderListViewModelTest.swift */,
				08866EB32BB628080042318B /* MoveItemViewModelTest.swift */,
			);
			path = ViewModels;
			sourceTree = "<group>";
		};
		086ED0962B9B545F00A30EBC /* Views */ = {
			isa = PBXGroup;
			children = (
			);
			path = Views;
			sourceTree = "<group>";
		};
		086ED0972B9B546300A30EBC /* Models */ = {
			isa = PBXGroup;
			children = (
				086ED09B2B9B595B00A30EBC /* MockDataManagerTest.swift */,
			);
			path = Models;
			sourceTree = "<group>";
		};
		086ED0982B9B546900A30EBC /* RealmDatabase */ = {
			isa = PBXGroup;
			children = (
			);
			path = RealmDatabase;
			sourceTree = "<group>";
		};
		08866F7F2BBC89A20042318B /* Navigation */ = {
			isa = PBXGroup;
			children = (
				085743432B7D251E00E546A1 /* FolderListView.swift */,
				0857434F2B7D408100E546A1 /* ListRow.swift */,
				086ED09D2B9B630D00A30EBC /* BackButton.swift */,
				086ED09F2B9B642000A30EBC /* InputPopup.swift */,
				083972E32BB36BA900C4B134 /* MoveItemView.swift */,
			);
			path = Navigation;
			sourceTree = "<group>";
		};
		08866F802BBC89D20042318B /* Navigation */ = {
			isa = PBXGroup;
			children = (
				085743482B7D262100E546A1 /* FolderListViewModel.swift */,
				083972E52BB496B300C4B134 /* MoveItemViewModel.swift */,
			);
			path = Navigation;
			sourceTree = "<group>";
		};
/* End PBXGroup section */

/* Begin PBXNativeTarget section */
		0857430E2B7D245E00E546A1 /* MemoNest */ = {
			isa = PBXNativeTarget;
			buildConfigurationList = 085743332B7D245F00E546A1 /* Build configuration list for PBXNativeTarget "MemoNest" */;
			buildPhases = (
				0857430B2B7D245E00E546A1 /* Sources */,
				0857430C2B7D245E00E546A1 /* Frameworks */,
				0857430D2B7D245E00E546A1 /* Resources */,
			);
			buildRules = (
			);
			dependencies = (
			);
			name = MemoNest;
			productName = MemoNest;
			productReference = 0857430F2B7D245E00E546A1 /* MemoNest.app */;
			productType = "com.apple.product-type.application";
		};
		0857431E2B7D245F00E546A1 /* MemoNestTests */ = {
			isa = PBXNativeTarget;
			buildConfigurationList = 085743362B7D245F00E546A1 /* Build configuration list for PBXNativeTarget "MemoNestTests" */;
			buildPhases = (
				0857431B2B7D245F00E546A1 /* Sources */,
				0857431C2B7D245F00E546A1 /* Frameworks */,
				0857431D2B7D245F00E546A1 /* Resources */,
			);
			buildRules = (
			);
			dependencies = (
				085743212B7D245F00E546A1 /* PBXTargetDependency */,
			);
			name = MemoNestTests;
			productName = MemoNestTests;
			productReference = 0857431F2B7D245F00E546A1 /* MemoNestTests.xctest */;
			productType = "com.apple.product-type.bundle.unit-test";
		};
		085743282B7D245F00E546A1 /* MemoNestUITests */ = {
			isa = PBXNativeTarget;
			buildConfigurationList = 085743392B7D245F00E546A1 /* Build configuration list for PBXNativeTarget "MemoNestUITests" */;
			buildPhases = (
				085743252B7D245F00E546A1 /* Sources */,
				085743262B7D245F00E546A1 /* Frameworks */,
				085743272B7D245F00E546A1 /* Resources */,
			);
			buildRules = (
			);
			dependencies = (
				0857432B2B7D245F00E546A1 /* PBXTargetDependency */,
			);
			name = MemoNestUITests;
			productName = MemoNestUITests;
			productReference = 085743292B7D245F00E546A1 /* MemoNestUITests.xctest */;
			productType = "com.apple.product-type.bundle.ui-testing";
		};
/* End PBXNativeTarget section */

/* Begin PBXProject section */
		085743072B7D245E00E546A1 /* Project object */ = {
			isa = PBXProject;
			attributes = {
				BuildIndependentTargetsInParallel = 1;
				LastSwiftUpdateCheck = 1500;
				LastUpgradeCheck = 1500;
				TargetAttributes = {
					0857430E2B7D245E00E546A1 = {
						CreatedOnToolsVersion = 15.0;
					};
					0857431E2B7D245F00E546A1 = {
						CreatedOnToolsVersion = 15.0;
						TestTargetID = 0857430E2B7D245E00E546A1;
					};
					085743282B7D245F00E546A1 = {
						CreatedOnToolsVersion = 15.0;
						TestTargetID = 0857430E2B7D245E00E546A1;
					};
				};
			};
			buildConfigurationList = 0857430A2B7D245E00E546A1 /* Build configuration list for PBXProject "MemoNest" */;
			compatibilityVersion = "Xcode 14.0";
			developmentRegion = en;
			hasScannedForEncodings = 0;
			knownRegions = (
				en,
				Base,
			);
			mainGroup = 085743062B7D245E00E546A1;
			productRefGroup = 085743102B7D245E00E546A1 /* Products */;
			projectDirPath = "";
			projectRoot = "";
			targets = (
				0857430E2B7D245E00E546A1 /* MemoNest */,
				0857431E2B7D245F00E546A1 /* MemoNestTests */,
				085743282B7D245F00E546A1 /* MemoNestUITests */,
			);
		};
/* End PBXProject section */

/* Begin PBXResourcesBuildPhase section */
		0857430D2B7D245E00E546A1 /* Resources */ = {
			isa = PBXResourcesBuildPhase;
			buildActionMask = 2147483647;
			files = (
				0857431A2B7D245F00E546A1 /* Preview Assets.xcassets in Resources */,
				085743172B7D245F00E546A1 /* Assets.xcassets in Resources */,
			);
			runOnlyForDeploymentPostprocessing = 0;
		};
		0857431D2B7D245F00E546A1 /* Resources */ = {
			isa = PBXResourcesBuildPhase;
			buildActionMask = 2147483647;
			files = (
			);
			runOnlyForDeploymentPostprocessing = 0;
		};
		085743272B7D245F00E546A1 /* Resources */ = {
			isa = PBXResourcesBuildPhase;
			buildActionMask = 2147483647;
			files = (
			);
			runOnlyForDeploymentPostprocessing = 0;
		};
/* End PBXResourcesBuildPhase section */

/* Begin PBXSourcesBuildPhase section */
		0857430B2B7D245E00E546A1 /* Sources */ = {
			isa = PBXSourcesBuildPhase;
			buildActionMask = 2147483647;
			files = (
				08866F822BBC8A110042318B /* PlaybackManager.swift in Sources */,
				085743152B7D245E00E546A1 /* ContentView.swift in Sources */,
				084454972BC85703007CDC57 /* PlaygroundTesting.swift in Sources */,
				0857434C2B7D265300E546A1 /* MockDataManager.swift in Sources */,
				083972E62BB496B300C4B134 /* MoveItemViewModel.swift in Sources */,
				08866F782BBB5BD20042318B /* PlaybackView.swift in Sources */,
				08866F7E2BBC88430042318B /* RecordingManager.swift in Sources */,
				08866F8C2BBCB4180042318B /* PopupInput.swift in Sources */,
				08866F842BBC8ABC0042318B /* AudioRecording.swift in Sources */,
				085743442B7D251E00E546A1 /* FolderListView.swift in Sources */,
				08866F762BBB5BC60042318B /* RecordingView.swift in Sources */,
				083972E42BB36BA900C4B134 /* MoveItemView.swift in Sources */,
				085743492B7D262100E546A1 /* FolderListViewModel.swift in Sources */,
				085743502B7D408100E546A1 /* ListRow.swift in Sources */,
				08866F7C2BBB5C520042318B /* PlaybackViewModel.swift in Sources */,
				085743402B7D24E100E546A1 /* File.swift in Sources */,
				085743132B7D245E00E546A1 /* MemoNestApp.swift in Sources */,
				086ED0932B98CA2C00A30EBC /* FolderDB.swift in Sources */,
				086ED0912B98CA2400A30EBC /* FileDB.swift in Sources */,
				085743422B7D24E800E546A1 /* Folder.swift in Sources */,
				086ED08C2B98C81E00A30EBC /* DataManager.swift in Sources */,
				08866F7A2BBB5C490042318B /* RecordingViewModel.swift in Sources */,
				085743472B7D257C00E546A1 /* Item.swift in Sources */,
				084454932BC71049007CDC57 /* FormatterService.swift in Sources */,
				086ED08E2B98C9C200A30EBC /* RealmDataManager.swift in Sources */,
				086ED0A02B9B642000A30EBC /* InputPopup.swift in Sources */,
				086ED09E2B9B630D00A30EBC /* BackButton.swift in Sources */,
			);
			runOnlyForDeploymentPostprocessing = 0;
		};
		0857431B2B7D245F00E546A1 /* Sources */ = {
			isa = PBXSourcesBuildPhase;
			buildActionMask = 2147483647;
			files = (
				08866EB42BB628080042318B /* MoveItemViewModelTest.swift in Sources */,
				086ED09C2B9B595B00A30EBC /* MockDataManagerTest.swift in Sources */,
				086ED09A2B9B54F400A30EBC /* FolderListViewModelTest.swift in Sources */,
				085743242B7D245F00E546A1 /* MemoNestTests.swift in Sources */,
			);
			runOnlyForDeploymentPostprocessing = 0;
		};
		085743252B7D245F00E546A1 /* Sources */ = {
			isa = PBXSourcesBuildPhase;
			buildActionMask = 2147483647;
			files = (
				085743302B7D245F00E546A1 /* MemoNestUITestsLaunchTests.swift in Sources */,
				0857432E2B7D245F00E546A1 /* MemoNestUITests.swift in Sources */,
			);
			runOnlyForDeploymentPostprocessing = 0;
		};
/* End PBXSourcesBuildPhase section */

/* Begin PBXTargetDependency section */
		085743212B7D245F00E546A1 /* PBXTargetDependency */ = {
			isa = PBXTargetDependency;
			target = 0857430E2B7D245E00E546A1 /* MemoNest */;
			targetProxy = 085743202B7D245F00E546A1 /* PBXContainerItemProxy */;
		};
		0857432B2B7D245F00E546A1 /* PBXTargetDependency */ = {
			isa = PBXTargetDependency;
			target = 0857430E2B7D245E00E546A1 /* MemoNest */;
			targetProxy = 0857432A2B7D245F00E546A1 /* PBXContainerItemProxy */;
		};
/* End PBXTargetDependency section */

/* Begin XCBuildConfiguration section */
		085743312B7D245F00E546A1 /* Debug */ = {
			isa = XCBuildConfiguration;
			buildSettings = {
				ALWAYS_SEARCH_USER_PATHS = NO;
				ASSETCATALOG_COMPILER_GENERATE_SWIFT_ASSET_SYMBOL_EXTENSIONS = YES;
				CLANG_ANALYZER_NONNULL = YES;
				CLANG_ANALYZER_NUMBER_OBJECT_CONVERSION = YES_AGGRESSIVE;
				CLANG_CXX_LANGUAGE_STANDARD = "gnu++20";
				CLANG_ENABLE_MODULES = YES;
				CLANG_ENABLE_OBJC_ARC = YES;
				CLANG_ENABLE_OBJC_WEAK = YES;
				CLANG_WARN_BLOCK_CAPTURE_AUTORELEASING = YES;
				CLANG_WARN_BOOL_CONVERSION = YES;
				CLANG_WARN_COMMA = YES;
				CLANG_WARN_CONSTANT_CONVERSION = YES;
				CLANG_WARN_DEPRECATED_OBJC_IMPLEMENTATIONS = YES;
				CLANG_WARN_DIRECT_OBJC_ISA_USAGE = YES_ERROR;
				CLANG_WARN_DOCUMENTATION_COMMENTS = YES;
				CLANG_WARN_EMPTY_BODY = YES;
				CLANG_WARN_ENUM_CONVERSION = YES;
				CLANG_WARN_INFINITE_RECURSION = YES;
				CLANG_WARN_INT_CONVERSION = YES;
				CLANG_WARN_NON_LITERAL_NULL_CONVERSION = YES;
				CLANG_WARN_OBJC_IMPLICIT_RETAIN_SELF = YES;
				CLANG_WARN_OBJC_LITERAL_CONVERSION = YES;
				CLANG_WARN_OBJC_ROOT_CLASS = YES_ERROR;
				CLANG_WARN_QUOTED_INCLUDE_IN_FRAMEWORK_HEADER = YES;
				CLANG_WARN_RANGE_LOOP_ANALYSIS = YES;
				CLANG_WARN_STRICT_PROTOTYPES = YES;
				CLANG_WARN_SUSPICIOUS_MOVE = YES;
				CLANG_WARN_UNGUARDED_AVAILABILITY = YES_AGGRESSIVE;
				CLANG_WARN_UNREACHABLE_CODE = YES;
				CLANG_WARN__DUPLICATE_METHOD_MATCH = YES;
				COPY_PHASE_STRIP = NO;
				DEBUG_INFORMATION_FORMAT = dwarf;
				ENABLE_STRICT_OBJC_MSGSEND = YES;
				ENABLE_TESTABILITY = YES;
				ENABLE_USER_SCRIPT_SANDBOXING = YES;
				GCC_C_LANGUAGE_STANDARD = gnu17;
				GCC_DYNAMIC_NO_PIC = NO;
				GCC_NO_COMMON_BLOCKS = YES;
				GCC_OPTIMIZATION_LEVEL = 0;
				GCC_PREPROCESSOR_DEFINITIONS = (
					"DEBUG=1",
					"$(inherited)",
				);
				GCC_WARN_64_TO_32_BIT_CONVERSION = YES;
				GCC_WARN_ABOUT_RETURN_TYPE = YES_ERROR;
				GCC_WARN_UNDECLARED_SELECTOR = YES;
				GCC_WARN_UNINITIALIZED_AUTOS = YES_AGGRESSIVE;
				GCC_WARN_UNUSED_FUNCTION = YES;
				GCC_WARN_UNUSED_VARIABLE = YES;
				IPHONEOS_DEPLOYMENT_TARGET = 17.0;
				LOCALIZATION_PREFERS_STRING_CATALOGS = YES;
				MTL_ENABLE_DEBUG_INFO = INCLUDE_SOURCE;
				MTL_FAST_MATH = YES;
				ONLY_ACTIVE_ARCH = YES;
				SDKROOT = iphoneos;
				SWIFT_ACTIVE_COMPILATION_CONDITIONS = "DEBUG $(inherited)";
				SWIFT_OPTIMIZATION_LEVEL = "-Onone";
			};
			name = Debug;
		};
		085743322B7D245F00E546A1 /* Release */ = {
			isa = XCBuildConfiguration;
			buildSettings = {
				ALWAYS_SEARCH_USER_PATHS = NO;
				ASSETCATALOG_COMPILER_GENERATE_SWIFT_ASSET_SYMBOL_EXTENSIONS = YES;
				CLANG_ANALYZER_NONNULL = YES;
				CLANG_ANALYZER_NUMBER_OBJECT_CONVERSION = YES_AGGRESSIVE;
				CLANG_CXX_LANGUAGE_STANDARD = "gnu++20";
				CLANG_ENABLE_MODULES = YES;
				CLANG_ENABLE_OBJC_ARC = YES;
				CLANG_ENABLE_OBJC_WEAK = YES;
				CLANG_WARN_BLOCK_CAPTURE_AUTORELEASING = YES;
				CLANG_WARN_BOOL_CONVERSION = YES;
				CLANG_WARN_COMMA = YES;
				CLANG_WARN_CONSTANT_CONVERSION = YES;
				CLANG_WARN_DEPRECATED_OBJC_IMPLEMENTATIONS = YES;
				CLANG_WARN_DIRECT_OBJC_ISA_USAGE = YES_ERROR;
				CLANG_WARN_DOCUMENTATION_COMMENTS = YES;
				CLANG_WARN_EMPTY_BODY = YES;
				CLANG_WARN_ENUM_CONVERSION = YES;
				CLANG_WARN_INFINITE_RECURSION = YES;
				CLANG_WARN_INT_CONVERSION = YES;
				CLANG_WARN_NON_LITERAL_NULL_CONVERSION = YES;
				CLANG_WARN_OBJC_IMPLICIT_RETAIN_SELF = YES;
				CLANG_WARN_OBJC_LITERAL_CONVERSION = YES;
				CLANG_WARN_OBJC_ROOT_CLASS = YES_ERROR;
				CLANG_WARN_QUOTED_INCLUDE_IN_FRAMEWORK_HEADER = YES;
				CLANG_WARN_RANGE_LOOP_ANALYSIS = YES;
				CLANG_WARN_STRICT_PROTOTYPES = YES;
				CLANG_WARN_SUSPICIOUS_MOVE = YES;
				CLANG_WARN_UNGUARDED_AVAILABILITY = YES_AGGRESSIVE;
				CLANG_WARN_UNREACHABLE_CODE = YES;
				CLANG_WARN__DUPLICATE_METHOD_MATCH = YES;
				COPY_PHASE_STRIP = NO;
				DEBUG_INFORMATION_FORMAT = "dwarf-with-dsym";
				ENABLE_NS_ASSERTIONS = NO;
				ENABLE_STRICT_OBJC_MSGSEND = YES;
				ENABLE_USER_SCRIPT_SANDBOXING = YES;
				GCC_C_LANGUAGE_STANDARD = gnu17;
				GCC_NO_COMMON_BLOCKS = YES;
				GCC_WARN_64_TO_32_BIT_CONVERSION = YES;
				GCC_WARN_ABOUT_RETURN_TYPE = YES_ERROR;
				GCC_WARN_UNDECLARED_SELECTOR = YES;
				GCC_WARN_UNINITIALIZED_AUTOS = YES_AGGRESSIVE;
				GCC_WARN_UNUSED_FUNCTION = YES;
				GCC_WARN_UNUSED_VARIABLE = YES;
				IPHONEOS_DEPLOYMENT_TARGET = 17.0;
				LOCALIZATION_PREFERS_STRING_CATALOGS = YES;
				MTL_ENABLE_DEBUG_INFO = NO;
				MTL_FAST_MATH = YES;
				SDKROOT = iphoneos;
				SWIFT_COMPILATION_MODE = wholemodule;
				VALIDATE_PRODUCT = YES;
			};
			name = Release;
		};
		085743342B7D245F00E546A1 /* Debug */ = {
			isa = XCBuildConfiguration;
			buildSettings = {
				ASSETCATALOG_COMPILER_APPICON_NAME = AppIcon;
				ASSETCATALOG_COMPILER_GLOBAL_ACCENT_COLOR_NAME = AccentColor;
				CODE_SIGN_STYLE = Automatic;
				CURRENT_PROJECT_VERSION = 1;
				DEVELOPMENT_ASSET_PATHS = "\"MemoNest/Preview Content\"";
				DEVELOPMENT_TEAM = N483G6TVAZ;
				ENABLE_PREVIEWS = YES;
				GENERATE_INFOPLIST_FILE = YES;
				INFOPLIST_FILE = MemoNest/Info.plist;
				INFOPLIST_KEY_NSMicrophoneUsageDescription = "This app uses the microphone to record audio.";
				INFOPLIST_KEY_UIApplicationSceneManifest_Generation = YES;
				INFOPLIST_KEY_UIApplicationSupportsIndirectInputEvents = YES;
				INFOPLIST_KEY_UILaunchScreen_Generation = YES;
				INFOPLIST_KEY_UISupportedInterfaceOrientations = UIInterfaceOrientationPortrait;
				INFOPLIST_KEY_UISupportedInterfaceOrientations_iPad = "UIInterfaceOrientationLandscapeLeft UIInterfaceOrientationLandscapeRight UIInterfaceOrientationPortrait UIInterfaceOrientationPortraitUpsideDown";
				LD_RUNPATH_SEARCH_PATHS = (
					"$(inherited)",
					"@executable_path/Frameworks",
				);
				MARKETING_VERSION = 1.0;
				PRODUCT_BUNDLE_IDENTIFIER = fatimabk.MemoNest;
				PRODUCT_NAME = "$(TARGET_NAME)";
				SUPPORTED_PLATFORMS = "iphoneos iphonesimulator";
				SUPPORTS_MACCATALYST = NO;
				SUPPORTS_MAC_DESIGNED_FOR_IPHONE_IPAD = NO;
				SWIFT_EMIT_LOC_STRINGS = YES;
				SWIFT_VERSION = 5.0;
				TARGETED_DEVICE_FAMILY = 1;
			};
			name = Debug;
		};
		085743352B7D245F00E546A1 /* Release */ = {
			isa = XCBuildConfiguration;
			buildSettings = {
				ASSETCATALOG_COMPILER_APPICON_NAME = AppIcon;
				ASSETCATALOG_COMPILER_GLOBAL_ACCENT_COLOR_NAME = AccentColor;
				CODE_SIGN_STYLE = Automatic;
				CURRENT_PROJECT_VERSION = 1;
				DEVELOPMENT_ASSET_PATHS = "\"MemoNest/Preview Content\"";
				DEVELOPMENT_TEAM = N483G6TVAZ;
				ENABLE_PREVIEWS = YES;
				GENERATE_INFOPLIST_FILE = YES;
				INFOPLIST_FILE = MemoNest/Info.plist;
				INFOPLIST_KEY_NSMicrophoneUsageDescription = "This app uses the microphone to record audio.";
				INFOPLIST_KEY_UIApplicationSceneManifest_Generation = YES;
				INFOPLIST_KEY_UIApplicationSupportsIndirectInputEvents = YES;
				INFOPLIST_KEY_UILaunchScreen_Generation = YES;
				INFOPLIST_KEY_UISupportedInterfaceOrientations = UIInterfaceOrientationPortrait;
				INFOPLIST_KEY_UISupportedInterfaceOrientations_iPad = "UIInterfaceOrientationLandscapeLeft UIInterfaceOrientationLandscapeRight UIInterfaceOrientationPortrait UIInterfaceOrientationPortraitUpsideDown";
				LD_RUNPATH_SEARCH_PATHS = (
					"$(inherited)",
					"@executable_path/Frameworks",
				);
				MARKETING_VERSION = 1.0;
				PRODUCT_BUNDLE_IDENTIFIER = fatimabk.MemoNest;
				PRODUCT_NAME = "$(TARGET_NAME)";
				SUPPORTED_PLATFORMS = "iphoneos iphonesimulator";
				SUPPORTS_MACCATALYST = NO;
				SUPPORTS_MAC_DESIGNED_FOR_IPHONE_IPAD = NO;
				SWIFT_EMIT_LOC_STRINGS = YES;
				SWIFT_VERSION = 5.0;
				TARGETED_DEVICE_FAMILY = 1;
			};
			name = Release;
		};
		085743372B7D245F00E546A1 /* Debug */ = {
			isa = XCBuildConfiguration;
			buildSettings = {
				ALWAYS_EMBED_SWIFT_STANDARD_LIBRARIES = YES;
				BUNDLE_LOADER = "$(TEST_HOST)";
				CODE_SIGN_STYLE = Automatic;
				CURRENT_PROJECT_VERSION = 1;
				DEVELOPMENT_TEAM = N483G6TVAZ;
				GENERATE_INFOPLIST_FILE = YES;
				IPHONEOS_DEPLOYMENT_TARGET = 17.0;
				MARKETING_VERSION = 1.0;
				PRODUCT_BUNDLE_IDENTIFIER = fatimabk.MemoNestTests;
				PRODUCT_NAME = "$(TARGET_NAME)";
				SWIFT_EMIT_LOC_STRINGS = NO;
				SWIFT_VERSION = 5.0;
				TARGETED_DEVICE_FAMILY = "1,2";
				TEST_HOST = "$(BUILT_PRODUCTS_DIR)/MemoNest.app/$(BUNDLE_EXECUTABLE_FOLDER_PATH)/MemoNest";
			};
			name = Debug;
		};
		085743382B7D245F00E546A1 /* Release */ = {
			isa = XCBuildConfiguration;
			buildSettings = {
				ALWAYS_EMBED_SWIFT_STANDARD_LIBRARIES = YES;
				BUNDLE_LOADER = "$(TEST_HOST)";
				CODE_SIGN_STYLE = Automatic;
				CURRENT_PROJECT_VERSION = 1;
				DEVELOPMENT_TEAM = N483G6TVAZ;
				GENERATE_INFOPLIST_FILE = YES;
				IPHONEOS_DEPLOYMENT_TARGET = 17.0;
				MARKETING_VERSION = 1.0;
				PRODUCT_BUNDLE_IDENTIFIER = fatimabk.MemoNestTests;
				PRODUCT_NAME = "$(TARGET_NAME)";
				SWIFT_EMIT_LOC_STRINGS = NO;
				SWIFT_VERSION = 5.0;
				TARGETED_DEVICE_FAMILY = "1,2";
				TEST_HOST = "$(BUILT_PRODUCTS_DIR)/MemoNest.app/$(BUNDLE_EXECUTABLE_FOLDER_PATH)/MemoNest";
			};
			name = Release;
		};
		0857433A2B7D245F00E546A1 /* Debug */ = {
			isa = XCBuildConfiguration;
			buildSettings = {
				ALWAYS_EMBED_SWIFT_STANDARD_LIBRARIES = YES;
				CODE_SIGN_STYLE = Automatic;
				CURRENT_PROJECT_VERSION = 1;
				DEVELOPMENT_TEAM = N483G6TVAZ;
				GENERATE_INFOPLIST_FILE = YES;
				MARKETING_VERSION = 1.0;
				PRODUCT_BUNDLE_IDENTIFIER = fatimabk.MemoNestUITests;
				PRODUCT_NAME = "$(TARGET_NAME)";
				SWIFT_EMIT_LOC_STRINGS = NO;
				SWIFT_VERSION = 5.0;
				TARGETED_DEVICE_FAMILY = "1,2";
				TEST_TARGET_NAME = MemoNest;
			};
			name = Debug;
		};
		0857433B2B7D245F00E546A1 /* Release */ = {
			isa = XCBuildConfiguration;
			buildSettings = {
				ALWAYS_EMBED_SWIFT_STANDARD_LIBRARIES = YES;
				CODE_SIGN_STYLE = Automatic;
				CURRENT_PROJECT_VERSION = 1;
				DEVELOPMENT_TEAM = N483G6TVAZ;
				GENERATE_INFOPLIST_FILE = YES;
				MARKETING_VERSION = 1.0;
				PRODUCT_BUNDLE_IDENTIFIER = fatimabk.MemoNestUITests;
				PRODUCT_NAME = "$(TARGET_NAME)";
				SWIFT_EMIT_LOC_STRINGS = NO;
				SWIFT_VERSION = 5.0;
				TARGETED_DEVICE_FAMILY = "1,2";
				TEST_TARGET_NAME = MemoNest;
			};
			name = Release;
		};
/* End XCBuildConfiguration section */

/* Begin XCConfigurationList section */
		0857430A2B7D245E00E546A1 /* Build configuration list for PBXProject "MemoNest" */ = {
			isa = XCConfigurationList;
			buildConfigurations = (
				085743312B7D245F00E546A1 /* Debug */,
				085743322B7D245F00E546A1 /* Release */,
			);
			defaultConfigurationIsVisible = 0;
			defaultConfigurationName = Release;
		};
		085743332B7D245F00E546A1 /* Build configuration list for PBXNativeTarget "MemoNest" */ = {
			isa = XCConfigurationList;
			buildConfigurations = (
				085743342B7D245F00E546A1 /* Debug */,
				085743352B7D245F00E546A1 /* Release */,
			);
			defaultConfigurationIsVisible = 0;
			defaultConfigurationName = Release;
		};
		085743362B7D245F00E546A1 /* Build configuration list for PBXNativeTarget "MemoNestTests" */ = {
			isa = XCConfigurationList;
			buildConfigurations = (
				085743372B7D245F00E546A1 /* Debug */,
				085743382B7D245F00E546A1 /* Release */,
			);
			defaultConfigurationIsVisible = 0;
			defaultConfigurationName = Release;
		};
		085743392B7D245F00E546A1 /* Build configuration list for PBXNativeTarget "MemoNestUITests" */ = {
			isa = XCConfigurationList;
			buildConfigurations = (
				0857433A2B7D245F00E546A1 /* Debug */,
				0857433B2B7D245F00E546A1 /* Release */,
			);
			defaultConfigurationIsVisible = 0;
			defaultConfigurationName = Release;
		};
/* End XCConfigurationList section */
	};
	rootObject = 085743072B7D245E00E546A1 /* Project object */;
}
